// !$*UTF8*$!
{
	archiveVersion = 1;
	classes = {
	};
	objectVersion = 51;
	objects = {

/* Begin PBXBuildFile section */
		42146C8FCB2535610178A0C5 /* Pods_RouteFinder_Application.framework in Frameworks */ = {isa = PBXBuildFile; fileRef = 52F5B5AA09BC5486A7E56B78 /* Pods_RouteFinder_Application.framework */; };
		80511B3323F4A616005DA155 /* AppDelegate.swift in Sources */ = {isa = PBXBuildFile; fileRef = 80511B3223F4A616005DA155 /* AppDelegate.swift */; };
		80511B3523F4A616005DA155 /* SceneDelegate.swift in Sources */ = {isa = PBXBuildFile; fileRef = 80511B3423F4A616005DA155 /* SceneDelegate.swift */; };
		80511B3723F4A616005DA155 /* ViewController.swift in Sources */ = {isa = PBXBuildFile; fileRef = 80511B3623F4A616005DA155 /* ViewController.swift */; };
		80511B3A23F4A616005DA155 /* Main.storyboard in Resources */ = {isa = PBXBuildFile; fileRef = 80511B3823F4A616005DA155 /* Main.storyboard */; };
		80511B3C23F4A618005DA155 /* Assets.xcassets in Resources */ = {isa = PBXBuildFile; fileRef = 80511B3B23F4A618005DA155 /* Assets.xcassets */; };
		80511B3F23F4A618005DA155 /* LaunchScreen.storyboard in Resources */ = {isa = PBXBuildFile; fileRef = 80511B3D23F4A618005DA155 /* LaunchScreen.storyboard */; };
		80511B4723F5CD62005DA155 /* NearbyLocationDataModel.swift in Sources */ = {isa = PBXBuildFile; fileRef = 80511B4623F5CD62005DA155 /* NearbyLocationDataModel.swift */; };
/* End PBXBuildFile section */

/* Begin PBXFileReference section */
		143C0521003F446973732E81 /* Pods-RouteFinder-Application.release.xcconfig */ = {isa = PBXFileReference; includeInIndex = 1; lastKnownFileType = text.xcconfig; name = "Pods-RouteFinder-Application.release.xcconfig"; path = "Target Support Files/Pods-RouteFinder-Application/Pods-RouteFinder-Application.release.xcconfig"; sourceTree = "<group>"; };
		52F5B5AA09BC5486A7E56B78 /* Pods_RouteFinder_Application.framework */ = {isa = PBXFileReference; explicitFileType = wrapper.framework; includeInIndex = 0; path = Pods_RouteFinder_Application.framework; sourceTree = BUILT_PRODUCTS_DIR; };
		80511B2F23F4A616005DA155 /* RouteFinder-Application.app */ = {isa = PBXFileReference; explicitFileType = wrapper.application; includeInIndex = 0; path = "RouteFinder-Application.app"; sourceTree = BUILT_PRODUCTS_DIR; };
		80511B3223F4A616005DA155 /* AppDelegate.swift */ = {isa = PBXFileReference; lastKnownFileType = sourcecode.swift; path = AppDelegate.swift; sourceTree = "<group>"; };
		80511B3423F4A616005DA155 /* SceneDelegate.swift */ = {isa = PBXFileReference; lastKnownFileType = sourcecode.swift; path = SceneDelegate.swift; sourceTree = "<group>"; };
		80511B3623F4A616005DA155 /* ViewController.swift */ = {isa = PBXFileReference; lastKnownFileType = sourcecode.swift; path = ViewController.swift; sourceTree = "<group>"; };
		80511B3923F4A616005DA155 /* Base */ = {isa = PBXFileReference; lastKnownFileType = file.storyboard; name = Base; path = Base.lproj/Main.storyboard; sourceTree = "<group>"; };
		80511B3B23F4A618005DA155 /* Assets.xcassets */ = {isa = PBXFileReference; lastKnownFileType = folder.assetcatalog; path = Assets.xcassets; sourceTree = "<group>"; };
		80511B3E23F4A618005DA155 /* Base */ = {isa = PBXFileReference; lastKnownFileType = file.storyboard; name = Base; path = Base.lproj/LaunchScreen.storyboard; sourceTree = "<group>"; };
		80511B4023F4A618005DA155 /* Info.plist */ = {isa = PBXFileReference; lastKnownFileType = text.plist.xml; path = Info.plist; sourceTree = "<group>"; };
		80511B4623F5CD62005DA155 /* NearbyLocationDataModel.swift */ = {isa = PBXFileReference; lastKnownFileType = sourcecode.swift; path = NearbyLocationDataModel.swift; sourceTree = "<group>"; };
		CFF841534F6C154DF8E17C6A /* Pods-RouteFinder-Application.debug.xcconfig */ = {isa = PBXFileReference; includeInIndex = 1; lastKnownFileType = text.xcconfig; name = "Pods-RouteFinder-Application.debug.xcconfig"; path = "Target Support Files/Pods-RouteFinder-Application/Pods-RouteFinder-Application.debug.xcconfig"; sourceTree = "<group>"; };
/* End PBXFileReference section */

/* Begin PBXFrameworksBuildPhase section */
		80511B2C23F4A616005DA155 /* Frameworks */ = {
			isa = PBXFrameworksBuildPhase;
			buildActionMask = 2147483647;
			files = (
				42146C8FCB2535610178A0C5 /* Pods_RouteFinder_Application.framework in Frameworks */,
			);
			runOnlyForDeploymentPostprocessing = 0;
		};
/* End PBXFrameworksBuildPhase section */

/* Begin PBXGroup section */
		80511B2623F4A616005DA155 = {
			isa = PBXGroup;
			children = (
				80511B3123F4A616005DA155 /* RouteFinder-Application */,
				80511B3023F4A616005DA155 /* Products */,
				961B3144E3CD415C72F64077 /* Pods */,
				F4CBB1429497E6DA6BBBCCE9 /* Frameworks */,
			);
			sourceTree = "<group>";
		};
		80511B3023F4A616005DA155 /* Products */ = {
			isa = PBXGroup;
			children = (
				80511B2F23F4A616005DA155 /* RouteFinder-Application.app */,
			);
			name = Products;
			sourceTree = "<group>";
		};
		80511B3123F4A616005DA155 /* RouteFinder-Application */ = {
			isa = PBXGroup;
			children = (
				80511B3223F4A616005DA155 /* AppDelegate.swift */,
				80511B3423F4A616005DA155 /* SceneDelegate.swift */,
				80511B3623F4A616005DA155 /* ViewController.swift */,
				80511B3823F4A616005DA155 /* Main.storyboard */,
				80511B3B23F4A618005DA155 /* Assets.xcassets */,
				80511B3D23F4A618005DA155 /* LaunchScreen.storyboard */,
				80511B4623F5CD62005DA155 /* NearbyLocationDataModel.swift */,
				80511B4023F4A618005DA155 /* Info.plist */,
			);
			path = "RouteFinder-Application";
			sourceTree = "<group>";
		};
		961B3144E3CD415C72F64077 /* Pods */ = {
			isa = PBXGroup;
			children = (
				CFF841534F6C154DF8E17C6A /* Pods-RouteFinder-Application.debug.xcconfig */,
				143C0521003F446973732E81 /* Pods-RouteFinder-Application.release.xcconfig */,
			);
			path = Pods;
			sourceTree = "<group>";
		};
		F4CBB1429497E6DA6BBBCCE9 /* Frameworks */ = {
			isa = PBXGroup;
			children = (
				52F5B5AA09BC5486A7E56B78 /* Pods_RouteFinder_Application.framework */,
			);
			name = Frameworks;
			sourceTree = "<group>";
		};
/* End PBXGroup section */

/* Begin PBXNativeTarget section */
		80511B2E23F4A616005DA155 /* RouteFinder-Application */ = {
			isa = PBXNativeTarget;
			buildConfigurationList = 80511B4323F4A618005DA155 /* Build configuration list for PBXNativeTarget "RouteFinder-Application" */;
			buildPhases = (
				AB68EEECC44A8011EA460358 /* [CP] Check Pods Manifest.lock */,
				80511B2B23F4A616005DA155 /* Sources */,
				80511B2C23F4A616005DA155 /* Frameworks */,
				80511B2D23F4A616005DA155 /* Resources */,
				8AC665A70684D27133E1EDF0 /* [CP] Embed Pods Frameworks */,
			);
			buildRules = (
			);
			dependencies = (
			);
			name = "RouteFinder-Application";
			productName = "RouteFinder-Application";
			productReference = 80511B2F23F4A616005DA155 /* RouteFinder-Application.app */;
			productType = "com.apple.product-type.application";
		};
/* End PBXNativeTarget section */

/* Begin PBXProject section */
		80511B2723F4A616005DA155 /* Project object */ = {
			isa = PBXProject;
			attributes = {
				LastSwiftUpdateCheck = 1130;
				LastUpgradeCheck = 1130;
				ORGANIZATIONNAME = "UC Irvine";
				TargetAttributes = {
					80511B2E23F4A616005DA155 = {
						CreatedOnToolsVersion = 11.3.1;
					};
				};
			};
			buildConfigurationList = 80511B2A23F4A616005DA155 /* Build configuration list for PBXProject "RouteFinder-Application" */;
			compatibilityVersion = "Xcode 9.3";
			developmentRegion = en;
			hasScannedForEncodings = 0;
			knownRegions = (
				en,
				Base,
			);
			mainGroup = 80511B2623F4A616005DA155;
			productRefGroup = 80511B3023F4A616005DA155 /* Products */;
			projectDirPath = "";
			projectRoot = "";
			targets = (
				80511B2E23F4A616005DA155 /* RouteFinder-Application */,
			);
		};
/* End PBXProject section */

/* Begin PBXResourcesBuildPhase section */
		80511B2D23F4A616005DA155 /* Resources */ = {
			isa = PBXResourcesBuildPhase;
			buildActionMask = 2147483647;
			files = (
				80511B3F23F4A618005DA155 /* LaunchScreen.storyboard in Resources */,
				80511B3C23F4A618005DA155 /* Assets.xcassets in Resources */,
				80511B3A23F4A616005DA155 /* Main.storyboard in Resources */,
			);
			runOnlyForDeploymentPostprocessing = 0;
		};
/* End PBXResourcesBuildPhase section */

/* Begin PBXShellScriptBuildPhase section */
		8AC665A70684D27133E1EDF0 /* [CP] Embed Pods Frameworks */ = {
			isa = PBXShellScriptBuildPhase;
			buildActionMask = 2147483647;
			files = (
			);
			inputFileListPaths = (
				"${PODS_ROOT}/Target Support Files/Pods-RouteFinder-Application/Pods-RouteFinder-Application-frameworks-${CONFIGURATION}-input-files.xcfilelist",
			);
			name = "[CP] Embed Pods Frameworks";
			outputFileListPaths = (
				"${PODS_ROOT}/Target Support Files/Pods-RouteFinder-Application/Pods-RouteFinder-Application-frameworks-${CONFIGURATION}-output-files.xcfilelist",
			);
			runOnlyForDeploymentPostprocessing = 0;
			shellPath = /bin/sh;
			shellScript = "\"${PODS_ROOT}/Target Support Files/Pods-RouteFinder-Application/Pods-RouteFinder-Application-frameworks.sh\"\n";
			showEnvVarsInLog = 0;
		};
		AB68EEECC44A8011EA460358 /* [CP] Check Pods Manifest.lock */ = {
			isa = PBXShellScriptBuildPhase;
			buildActionMask = 2147483647;
			files = (
			);
			inputFileListPaths = (
			);
			inputPaths = (
				"${PODS_PODFILE_DIR_PATH}/Podfile.lock",
				"${PODS_ROOT}/Manifest.lock",
			);
			name = "[CP] Check Pods Manifest.lock";
			outputFileListPaths = (
			);
			outputPaths = (
				"$(DERIVED_FILE_DIR)/Pods-RouteFinder-Application-checkManifestLockResult.txt",
			);
			runOnlyForDeploymentPostprocessing = 0;
			shellPath = /bin/sh;
			shellScript = "diff \"${PODS_PODFILE_DIR_PATH}/Podfile.lock\" \"${PODS_ROOT}/Manifest.lock\" > /dev/null\nif [ $? != 0 ] ; then\n    # print error to STDERR\n    echo \"error: The sandbox is not in sync with the Podfile.lock. Run 'pod install' or update your CocoaPods installation.\" >&2\n    exit 1\nfi\n# This output is used by Xcode 'outputs' to avoid re-running this script phase.\necho \"SUCCESS\" > \"${SCRIPT_OUTPUT_FILE_0}\"\n";
			showEnvVarsInLog = 0;
		};
/* End PBXShellScriptBuildPhase section */

/* Begin PBXSourcesBuildPhase section */
		80511B2B23F4A616005DA155 /* Sources */ = {
			isa = PBXSourcesBuildPhase;
			buildActionMask = 2147483647;
			files = (
				80511B3723F4A616005DA155 /* ViewController.swift in Sources */,
				80511B4723F5CD62005DA155 /* NearbyLocationDataModel.swift in Sources */,
				80511B3323F4A616005DA155 /* AppDelegate.swift in Sources */,
				80511B3523F4A616005DA155 /* SceneDelegate.swift in Sources */,
			);
			runOnlyForDeploymentPostprocessing = 0;
		};
/* End PBXSourcesBuildPhase section */

/* Begin PBXVariantGroup section */
		80511B3823F4A616005DA155 /* Main.storyboard */ = {
			isa = PBXVariantGroup;
			children = (
				80511B3923F4A616005DA155 /* Base */,
			);
			name = Main.storyboard;
			sourceTree = "<group>";
		};
		80511B3D23F4A618005DA155 /* LaunchScreen.storyboard */ = {
			isa = PBXVariantGroup;
			children = (
				80511B3E23F4A618005DA155 /* Base */,
			);
			name = LaunchScreen.storyboard;
			sourceTree = "<group>";
		};
/* End PBXVariantGroup section */

/* Begin XCBuildConfiguration section */
		80511B4123F4A618005DA155 /* Debug */ = {
			isa = XCBuildConfiguration;
			buildSettings = {
				ALWAYS_SEARCH_USER_PATHS = NO;
				CLANG_ANALYZER_NONNULL = YES;
				CLANG_ANALYZER_NUMBER_OBJECT_CONVERSION = YES_AGGRESSIVE;
				CLANG_CXX_LANGUAGE_STANDARD = "gnu++14";
				CLANG_CXX_LIBRARY = "libc++";
				CLANG_ENABLE_MODULES = YES;
				CLANG_ENABLE_OBJC_ARC = YES;
				CLANG_ENABLE_OBJC_WEAK = YES;
				CLANG_WARN_BLOCK_CAPTURE_AUTORELEASING = YES;
				CLANG_WARN_BOOL_CONVERSION = YES;
				CLANG_WARN_COMMA = YES;
				CLANG_WARN_CONSTANT_CONVERSION = YES;
				CLANG_WARN_DEPRECATED_OBJC_IMPLEMENTATIONS = YES;
				CLANG_WARN_DIRECT_OBJC_ISA_USAGE = YES_ERROR;
				CLANG_WARN_DOCUMENTATION_COMMENTS = YES;
				CLANG_WARN_EMPTY_BODY = YES;
				CLANG_WARN_ENUM_CONVERSION = YES;
				CLANG_WARN_INFINITE_RECURSION = YES;
				CLANG_WARN_INT_CONVERSION = YES;
				CLANG_WARN_NON_LITERAL_NULL_CONVERSION = YES;
				CLANG_WARN_OBJC_IMPLICIT_RETAIN_SELF = YES;
				CLANG_WARN_OBJC_LITERAL_CONVERSION = YES;
				CLANG_WARN_OBJC_ROOT_CLASS = YES_ERROR;
				CLANG_WARN_RANGE_LOOP_ANALYSIS = YES;
				CLANG_WARN_STRICT_PROTOTYPES = YES;
				CLANG_WARN_SUSPICIOUS_MOVE = YES;
				CLANG_WARN_UNGUARDED_AVAILABILITY = YES_AGGRESSIVE;
				CLANG_WARN_UNREACHABLE_CODE = YES;
				CLANG_WARN__DUPLICATE_METHOD_MATCH = YES;
				COPY_PHASE_STRIP = NO;
				DEBUG_INFORMATION_FORMAT = dwarf;
				ENABLE_STRICT_OBJC_MSGSEND = YES;
				ENABLE_TESTABILITY = YES;
				GCC_C_LANGUAGE_STANDARD = gnu11;
				GCC_DYNAMIC_NO_PIC = NO;
				GCC_NO_COMMON_BLOCKS = YES;
				GCC_OPTIMIZATION_LEVEL = 0;
				GCC_PREPROCESSOR_DEFINITIONS = (
					"DEBUG=1",
					"$(inherited)",
				);
				GCC_WARN_64_TO_32_BIT_CONVERSION = YES;
				GCC_WARN_ABOUT_RETURN_TYPE = YES_ERROR;
				GCC_WARN_UNDECLARED_SELECTOR = YES;
				GCC_WARN_UNINITIALIZED_AUTOS = YES_AGGRESSIVE;
				GCC_WARN_UNUSED_FUNCTION = YES;
				GCC_WARN_UNUSED_VARIABLE = YES;
				IPHONEOS_DEPLOYMENT_TARGET = 13.2;
				MTL_ENABLE_DEBUG_INFO = INCLUDE_SOURCE;
				MTL_FAST_MATH = YES;
				ONLY_ACTIVE_ARCH = YES;
				SDKROOT = iphoneos;
				SWIFT_ACTIVE_COMPILATION_CONDITIONS = DEBUG;
				SWIFT_OPTIMIZATION_LEVEL = "-Onone";
			};
			name = Debug;
		};
		80511B4223F4A618005DA155 /* Release */ = {
			isa = XCBuildConfiguration;
			buildSettings = {
				ALWAYS_SEARCH_USER_PATHS = NO;
				CLANG_ANALYZER_NONNULL = YES;
				CLANG_ANALYZER_NUMBER_OBJECT_CONVERSION = YES_AGGRESSIVE;
				CLANG_CXX_LANGUAGE_STANDARD = "gnu++14";
				CLANG_CXX_LIBRARY = "libc++";
				CLANG_ENABLE_MODULES = YES;
				CLANG_ENABLE_OBJC_ARC = YES;
				CLANG_ENABLE_OBJC_WEAK = YES;
				CLANG_WARN_BLOCK_CAPTURE_AUTORELEASING = YES;
				CLANG_WARN_BOOL_CONVERSION = YES;
				CLANG_WARN_COMMA = YES;
				CLANG_WARN_CONSTANT_CONVERSION = YES;
				CLANG_WARN_DEPRECATED_OBJC_IMPLEMENTATIONS = YES;
				CLANG_WARN_DIRECT_OBJC_ISA_USAGE = YES_ERROR;
				CLANG_WARN_DOCUMENTATION_COMMENTS = YES;
				CLANG_WARN_EMPTY_BODY = YES;
				CLANG_WARN_ENUM_CONVERSION = YES;
				CLANG_WARN_INFINITE_RECURSION = YES;
				CLANG_WARN_INT_CONVERSION = YES;
				CLANG_WARN_NON_LITERAL_NULL_CONVERSION = YES;
				CLANG_WARN_OBJC_IMPLICIT_RETAIN_SELF = YES;
				CLANG_WARN_OBJC_LITERAL_CONVERSION = YES;
				CLANG_WARN_OBJC_ROOT_CLASS = YES_ERROR;
				CLANG_WARN_RANGE_LOOP_ANALYSIS = YES;
				CLANG_WARN_STRICT_PROTOTYPES = YES;
				CLANG_WARN_SUSPICIOUS_MOVE = YES;
				CLANG_WARN_UNGUARDED_AVAILABILITY = YES_AGGRESSIVE;
				CLANG_WARN_UNREACHABLE_CODE = YES;
				CLANG_WARN__DUPLICATE_METHOD_MATCH = YES;
				COPY_PHASE_STRIP = NO;
				DEBUG_INFORMATION_FORMAT = "dwarf-with-dsym";
				ENABLE_NS_ASSERTIONS = NO;
				ENABLE_STRICT_OBJC_MSGSEND = YES;
				GCC_C_LANGUAGE_STANDARD = gnu11;
				GCC_NO_COMMON_BLOCKS = YES;
				GCC_WARN_64_TO_32_BIT_CONVERSION = YES;
				GCC_WARN_ABOUT_RETURN_TYPE = YES_ERROR;
				GCC_WARN_UNDECLARED_SELECTOR = YES;
				GCC_WARN_UNINITIALIZED_AUTOS = YES_AGGRESSIVE;
				GCC_WARN_UNUSED_FUNCTION = YES;
				GCC_WARN_UNUSED_VARIABLE = YES;
				IPHONEOS_DEPLOYMENT_TARGET = 13.2;
				MTL_ENABLE_DEBUG_INFO = NO;
				MTL_FAST_MATH = YES;
				SDKROOT = iphoneos;
				SWIFT_COMPILATION_MODE = wholemodule;
				SWIFT_OPTIMIZATION_LEVEL = "-O";
				VALIDATE_PRODUCT = YES;
			};
			name = Release;
		};
		80511B4423F4A618005DA155 /* Debug */ = {
			isa = XCBuildConfiguration;
			baseConfigurationReference = CFF841534F6C154DF8E17C6A /* Pods-RouteFinder-Application.debug.xcconfig */;
			buildSettings = {
				ASSETCATALOG_COMPILER_APPICON_NAME = AppIcon;
				CODE_SIGN_STYLE = Automatic;
				DEVELOPMENT_TEAM = 2DCVHXL6UG;
				INFOPLIST_FILE = "RouteFinder-Application/Info.plist";
				LD_RUNPATH_SEARCH_PATHS = (
					"$(inherited)",
					"@executable_path/Frameworks",
				);
				PRODUCT_BUNDLE_IDENTIFIER = "com.ucirvine-danielvu.RouteFinder-Application";
				PRODUCT_NAME = "$(TARGET_NAME)";
				SWIFT_VERSION = 5.0;
				TARGETED_DEVICE_FAMILY = "1,2";
			};
			name = Debug;
		};
		80511B4523F4A618005DA155 /* Release */ = {
			isa = XCBuildConfiguration;
			baseConfigurationReference = 143C0521003F446973732E81 /* Pods-RouteFinder-Application.release.xcconfig */;
			buildSettings = {
				ASSETCATALOG_COMPILER_APPICON_NAME = AppIcon;
				CODE_SIGN_STYLE = Automatic;
				DEVELOPMENT_TEAM = 2DCVHXL6UG;
				INFOPLIST_FILE = "RouteFinder-Application/Info.plist";
				LD_RUNPATH_SEARCH_PATHS = (
					"$(inherited)",
					"@executable_path/Frameworks",
				);
				PRODUCT_BUNDLE_IDENTIFIER = "com.ucirvine-danielvu.RouteFinder-Application";
				PRODUCT_NAME = "$(TARGET_NAME)";
				SWIFT_VERSION = 5.0;
				TARGETED_DEVICE_FAMILY = "1,2";
			};
			name = Release;
		};
/* End XCBuildConfiguration section */

/* Begin XCConfigurationList section */
		80511B2A23F4A616005DA155 /* Build configuration list for PBXProject "RouteFinder-Application" */ = {
			isa = XCConfigurationList;
			buildConfigurations = (
				80511B4123F4A618005DA155 /* Debug */,
				80511B4223F4A618005DA155 /* Release */,
			);
			defaultConfigurationIsVisible = 0;
			defaultConfigurationName = Release;
		};
		80511B4323F4A618005DA155 /* Build configuration list for PBXNativeTarget "RouteFinder-Application" */ = {
			isa = XCConfigurationList;
			buildConfigurations = (
				80511B4423F4A618005DA155 /* Debug */,
				80511B4523F4A618005DA155 /* Release */,
			);
			defaultConfigurationIsVisible = 0;
			defaultConfigurationName = Release;
		};
/* End XCConfigurationList section */
	};
	rootObject = 80511B2723F4A616005DA155 /* Project object */;
}
